// !$*UTF8*$!
{
	archiveVersion = 1;
	classes = {
	};
	objectVersion = 46;
	objects = {

/* Begin PBXBuildFile section */
		B4A1FB4D1DCC36D100D4F5AB /* AppDelegate.swift in Sources */ = {isa = PBXBuildFile; fileRef = B4A1FB4C1DCC36D100D4F5AB /* AppDelegate.swift */; };
		B4A1FB4F1DCC36D100D4F5AB /* ViewController.swift in Sources */ = {isa = PBXBuildFile; fileRef = B4A1FB4E1DCC36D100D4F5AB /* ViewController.swift */; };
		B4A1FB521DCC36D100D4F5AB /* Main.storyboard in Resources */ = {isa = PBXBuildFile; fileRef = B4A1FB501DCC36D100D4F5AB /* Main.storyboard */; };
		B4A1FB541DCC36D100D4F5AB /* Assets.xcassets in Resources */ = {isa = PBXBuildFile; fileRef = B4A1FB531DCC36D100D4F5AB /* Assets.xcassets */; };
		B4A1FB571DCC36D100D4F5AB /* LaunchScreen.storyboard in Resources */ = {isa = PBXBuildFile; fileRef = B4A1FB551DCC36D100D4F5AB /* LaunchScreen.storyboard */; };
		B4A1FB621DCC36D100D4F5AB /* __Tests.swift in Sources */ = {isa = PBXBuildFile; fileRef = B4A1FB611DCC36D100D4F5AB /* __Tests.swift */; };
		B4A1FB6D1DCC36D100D4F5AB /* __UITests.swift in Sources */ = {isa = PBXBuildFile; fileRef = B4A1FB6C1DCC36D100D4F5AB /* __UITests.swift */; };
		B4A1FB7B1DCC370200D4F5AB /* CustomView.swift in Sources */ = {isa = PBXBuildFile; fileRef = B4A1FB7A1DCC370200D4F5AB /* CustomView.swift */; };
/* End PBXBuildFile section */

/* Begin PBXContainerItemProxy section */
		B4A1FB5E1DCC36D100D4F5AB /* PBXContainerItemProxy */ = {
			isa = PBXContainerItemProxy;
			containerPortal = B4A1FB411DCC36D100D4F5AB /* Project object */;
			proxyType = 1;
			remoteGlobalIDString = B4A1FB481DCC36D100D4F5AB;
			remoteInfo = "扇形";
		};
		B4A1FB691DCC36D100D4F5AB /* PBXContainerItemProxy */ = {
			isa = PBXContainerItemProxy;
			containerPortal = B4A1FB411DCC36D100D4F5AB /* Project object */;
			proxyType = 1;
			remoteGlobalIDString = B4A1FB481DCC36D100D4F5AB;
			remoteInfo = "扇形";
		};
/* End PBXContainerItemProxy section */

/* Begin PBXFileReference section */
		B4A1FB491DCC36D100D4F5AB /* 扇形.app */ = {isa = PBXFileReference; explicitFileType = wrapper.application; includeInIndex = 0; path = "扇形.app"; sourceTree = BUILT_PRODUCTS_DIR; };
		B4A1FB4C1DCC36D100D4F5AB /* AppDelegate.swift */ = {isa = PBXFileReference; lastKnownFileType = sourcecode.swift; path = AppDelegate.swift; sourceTree = "<group>"; };
		B4A1FB4E1DCC36D100D4F5AB /* ViewController.swift */ = {isa = PBXFileReference; lastKnownFileType = sourcecode.swift; path = ViewController.swift; sourceTree = "<group>"; };
		B4A1FB511DCC36D100D4F5AB /* Base */ = {isa = PBXFileReference; lastKnownFileType = file.storyboard; name = Base; path = Base.lproj/Main.storyboard; sourceTree = "<group>"; };
		B4A1FB531DCC36D100D4F5AB /* Assets.xcassets */ = {isa = PBXFileReference; lastKnownFileType = folder.assetcatalog; path = Assets.xcassets; sourceTree = "<group>"; };
		B4A1FB561DCC36D100D4F5AB /* Base */ = {isa = PBXFileReference; lastKnownFileType = file.storyboard; name = Base; path = Base.lproj/LaunchScreen.storyboard; sourceTree = "<group>"; };
		B4A1FB581DCC36D100D4F5AB /* Info.plist */ = {isa = PBXFileReference; lastKnownFileType = text.plist.xml; path = Info.plist; sourceTree = "<group>"; };
		B4A1FB5D1DCC36D100D4F5AB /* 扇形Tests.xctest */ = {isa = PBXFileReference; explicitFileType = wrapper.cfbundle; includeInIndex = 0; path = "扇形Tests.xctest"; sourceTree = BUILT_PRODUCTS_DIR; };
		B4A1FB611DCC36D100D4F5AB /* __Tests.swift */ = {isa = PBXFileReference; lastKnownFileType = sourcecode.swift; path = __Tests.swift; sourceTree = "<group>"; };
		B4A1FB631DCC36D100D4F5AB /* Info.plist */ = {isa = PBXFileReference; lastKnownFileType = text.plist.xml; path = Info.plist; sourceTree = "<group>"; };
		B4A1FB681DCC36D100D4F5AB /* 扇形UITests.xctest */ = {isa = PBXFileReference; explicitFileType = wrapper.cfbundle; includeInIndex = 0; path = "扇形UITests.xctest"; sourceTree = BUILT_PRODUCTS_DIR; };
		B4A1FB6C1DCC36D100D4F5AB /* __UITests.swift */ = {isa = PBXFileReference; lastKnownFileType = sourcecode.swift; path = __UITests.swift; sourceTree = "<group>"; };
		B4A1FB6E1DCC36D100D4F5AB /* Info.plist */ = {isa = PBXFileReference; lastKnownFileType = text.plist.xml; path = Info.plist; sourceTree = "<group>"; };
		B4A1FB7A1DCC370200D4F5AB /* CustomView.swift */ = {isa = PBXFileReference; fileEncoding = 4; lastKnownFileType = sourcecode.swift; path = CustomView.swift; sourceTree = "<group>"; };
/* End PBXFileReference section */

/* Begin PBXFrameworksBuildPhase section */
		B4A1FB461DCC36D100D4F5AB /* Frameworks */ = {
			isa = PBXFrameworksBuildPhase;
			buildActionMask = 2147483647;
			files = (
			);
			runOnlyForDeploymentPostprocessing = 0;
		};
		B4A1FB5A1DCC36D100D4F5AB /* Frameworks */ = {
			isa = PBXFrameworksBuildPhase;
			buildActionMask = 2147483647;
			files = (
			);
			runOnlyForDeploymentPostprocessing = 0;
		};
		B4A1FB651DCC36D100D4F5AB /* Frameworks */ = {
			isa = PBXFrameworksBuildPhase;
			buildActionMask = 2147483647;
			files = (
			);
			runOnlyForDeploymentPostprocessing = 0;
		};
/* End PBXFrameworksBuildPhase section */

/* Begin PBXGroup section */
		B4A1FB401DCC36D100D4F5AB = {
			isa = PBXGroup;
			children = (
				B4A1FB4B1DCC36D100D4F5AB /* 扇形 */,
				B4A1FB601DCC36D100D4F5AB /* 扇形Tests */,
				B4A1FB6B1DCC36D100D4F5AB /* 扇形UITests */,
				B4A1FB4A1DCC36D100D4F5AB /* Products */,
			);
			sourceTree = "<group>";
		};
		B4A1FB4A1DCC36D100D4F5AB /* Products */ = {
			isa = PBXGroup;
			children = (
				B4A1FB491DCC36D100D4F5AB /* 扇形.app */,
				B4A1FB5D1DCC36D100D4F5AB /* 扇形Tests.xctest */,
				B4A1FB681DCC36D100D4F5AB /* 扇形UITests.xctest */,
			);
			name = Products;
			sourceTree = "<group>";
		};
		B4A1FB4B1DCC36D100D4F5AB /* 扇形 */ = {
			isa = PBXGroup;
			children = (
				B4A1FB4C1DCC36D100D4F5AB /* AppDelegate.swift */,
				B4A1FB4E1DCC36D100D4F5AB /* ViewController.swift */,
				B4A1FB7A1DCC370200D4F5AB /* CustomView.swift */,
				B4A1FB501DCC36D100D4F5AB /* Main.storyboard */,
				B4A1FB531DCC36D100D4F5AB /* Assets.xcassets */,
				B4A1FB551DCC36D100D4F5AB /* LaunchScreen.storyboard */,
				B4A1FB581DCC36D100D4F5AB /* Info.plist */,
			);
			path = "扇形";
			sourceTree = "<group>";
		};
		B4A1FB601DCC36D100D4F5AB /* 扇形Tests */ = {
			isa = PBXGroup;
			children = (
				B4A1FB611DCC36D100D4F5AB /* __Tests.swift */,
				B4A1FB631DCC36D100D4F5AB /* Info.plist */,
			);
			path = "扇形Tests";
			sourceTree = "<group>";
		};
		B4A1FB6B1DCC36D100D4F5AB /* 扇形UITests */ = {
			isa = PBXGroup;
			children = (
				B4A1FB6C1DCC36D100D4F5AB /* __UITests.swift */,
				B4A1FB6E1DCC36D100D4F5AB /* Info.plist */,
			);
			path = "扇形UITests";
			sourceTree = "<group>";
		};
/* End PBXGroup section */

/* Begin PBXNativeTarget section */
		B4A1FB481DCC36D100D4F5AB /* 扇形 */ = {
			isa = PBXNativeTarget;
			buildConfigurationList = B4A1FB711DCC36D100D4F5AB /* Build configuration list for PBXNativeTarget "扇形" */;
			buildPhases = (
				B4A1FB451DCC36D100D4F5AB /* Sources */,
				B4A1FB461DCC36D100D4F5AB /* Frameworks */,
				B4A1FB471DCC36D100D4F5AB /* Resources */,
			);
			buildRules = (
			);
			dependencies = (
			);
			name = "扇形";
			productName = "扇形";
			productReference = B4A1FB491DCC36D100D4F5AB /* 扇形.app */;
			productType = "com.apple.product-type.application";
		};
		B4A1FB5C1DCC36D100D4F5AB /* 扇形Tests */ = {
			isa = PBXNativeTarget;
			buildConfigurationList = B4A1FB741DCC36D100D4F5AB /* Build configuration list for PBXNativeTarget "扇形Tests" */;
			buildPhases = (
				B4A1FB591DCC36D100D4F5AB /* Sources */,
				B4A1FB5A1DCC36D100D4F5AB /* Frameworks */,
				B4A1FB5B1DCC36D100D4F5AB /* Resources */,
			);
			buildRules = (
			);
			dependencies = (
				B4A1FB5F1DCC36D100D4F5AB /* PBXTargetDependency */,
			);
			name = "扇形Tests";
			productName = "扇形Tests";
			productReference = B4A1FB5D1DCC36D100D4F5AB /* 扇形Tests.xctest */;
			productType = "com.apple.product-type.bundle.unit-test";
		};
		B4A1FB671DCC36D100D4F5AB /* 扇形UITests */ = {
			isa = PBXNativeTarget;
			buildConfigurationList = B4A1FB771DCC36D100D4F5AB /* Build configuration list for PBXNativeTarget "扇形UITests" */;
			buildPhases = (
				B4A1FB641DCC36D100D4F5AB /* Sources */,
				B4A1FB651DCC36D100D4F5AB /* Frameworks */,
				B4A1FB661DCC36D100D4F5AB /* Resources */,
			);
			buildRules = (
			);
			dependencies = (
				B4A1FB6A1DCC36D100D4F5AB /* PBXTargetDependency */,
			);
			name = "扇形UITests";
			productName = "扇形UITests";
			productReference = B4A1FB681DCC36D100D4F5AB /* 扇形UITests.xctest */;
			productType = "com.apple.product-type.bundle.ui-testing";
		};
/* End PBXNativeTarget section */

/* Begin PBXProject section */
		B4A1FB411DCC36D100D4F5AB /* Project object */ = {
			isa = PBXProject;
			attributes = {
				LastSwiftUpdateCheck = 0810;
				LastUpgradeCheck = 0810;
				ORGANIZATIONNAME = CY;
				TargetAttributes = {
					B4A1FB481DCC36D100D4F5AB = {
						CreatedOnToolsVersion = 8.1;
						DevelopmentTeam = 2Q4LJ2ECCS;
						ProvisioningStyle = Automatic;
					};
					B4A1FB5C1DCC36D100D4F5AB = {
						CreatedOnToolsVersion = 8.1;
						DevelopmentTeam = 2Q4LJ2ECCS;
						ProvisioningStyle = Automatic;
						TestTargetID = B4A1FB481DCC36D100D4F5AB;
					};
					B4A1FB671DCC36D100D4F5AB = {
						CreatedOnToolsVersion = 8.1;
						DevelopmentTeam = 2Q4LJ2ECCS;
						ProvisioningStyle = Automatic;
						TestTargetID = B4A1FB481DCC36D100D4F5AB;
					};
				};
			};
			buildConfigurationList = B4A1FB441DCC36D100D4F5AB /* Build configuration list for PBXProject "扇形" */;
			compatibilityVersion = "Xcode 3.2";
			developmentRegion = English;
			hasScannedForEncodings = 0;
			knownRegions = (
				en,
				Base,
			);
			mainGroup = B4A1FB401DCC36D100D4F5AB;
			productRefGroup = B4A1FB4A1DCC36D100D4F5AB /* Products */;
			projectDirPath = "";
			projectRoot = "";
			targets = (
				B4A1FB481DCC36D100D4F5AB /* 扇形 */,
				B4A1FB5C1DCC36D100D4F5AB /* 扇形Tests */,
				B4A1FB671DCC36D100D4F5AB /* 扇形UITests */,
			);
		};
/* End PBXProject section */

/* Begin PBXResourcesBuildPhase section */
		B4A1FB471DCC36D100D4F5AB /* Resources */ = {
			isa = PBXResourcesBuildPhase;
			buildActionMask = 2147483647;
			files = (
				B4A1FB571DCC36D100D4F5AB /* LaunchScreen.storyboard in Resources */,
				B4A1FB541DCC36D100D4F5AB /* Assets.xcassets in Resources */,
				B4A1FB521DCC36D100D4F5AB /* Main.storyboard in Resources */,
			);
			runOnlyForDeploymentPostprocessing = 0;
		};
		B4A1FB5B1DCC36D100D4F5AB /* Resources */ = {
			isa = PBXResourcesBuildPhase;
			buildActionMask = 2147483647;
			files = (
			);
			runOnlyForDeploymentPostprocessing = 0;
		};
		B4A1FB661DCC36D100D4F5AB /* Resources */ = {
			isa = PBXResourcesBuildPhase;
			buildActionMask = 2147483647;
			files = (
			);
			runOnlyForDeploymentPostprocessing = 0;
		};
/* End PBXResourcesBuildPhase section */

/* Begin PBXSourcesBuildPhase section */
		B4A1FB451DCC36D100D4F5AB /* Sources */ = {
			isa = PBXSourcesBuildPhase;
			buildActionMask = 2147483647;
			files = (
				B4A1FB7B1DCC370200D4F5AB /* CustomView.swift in Sources */,
				B4A1FB4F1DCC36D100D4F5AB /* ViewController.swift in Sources */,
				B4A1FB4D1DCC36D100D4F5AB /* AppDelegate.swift in Sources */,
			);
			runOnlyForDeploymentPostprocessing = 0;
		};
		B4A1FB591DCC36D100D4F5AB /* Sources */ = {
			isa = PBXSourcesBuildPhase;
			buildActionMask = 2147483647;
			files = (
				B4A1FB621DCC36D100D4F5AB /* __Tests.swift in Sources */,
			);
			runOnlyForDeploymentPostprocessing = 0;
		};
		B4A1FB641DCC36D100D4F5AB /* Sources */ = {
			isa = PBXSourcesBuildPhase;
			buildActionMask = 2147483647;
			files = (
				B4A1FB6D1DCC36D100D4F5AB /* __UITests.swift in Sources */,
			);
			runOnlyForDeploymentPostprocessing = 0;
		};
/* End PBXSourcesBuildPhase section */

/* Begin PBXTargetDependency section */
		B4A1FB5F1DCC36D100D4F5AB /* PBXTargetDependency */ = {
			isa = PBXTargetDependency;
			target = B4A1FB481DCC36D100D4F5AB /* 扇形 */;
			targetProxy = B4A1FB5E1DCC36D100D4F5AB /* PBXContainerItemProxy */;
		};
		B4A1FB6A1DCC36D100D4F5AB /* PBXTargetDependency */ = {
			isa = PBXTargetDependency;
			target = B4A1FB481DCC36D100D4F5AB /* 扇形 */;
			targetProxy = B4A1FB691DCC36D100D4F5AB /* PBXContainerItemProxy */;
		};
/* End PBXTargetDependency section */

/* Begin PBXVariantGroup section */
		B4A1FB501DCC36D100D4F5AB /* Main.storyboard */ = {
			isa = PBXVariantGroup;
			children = (
				B4A1FB511DCC36D100D4F5AB /* Base */,
			);
			name = Main.storyboard;
			sourceTree = "<group>";
		};
		B4A1FB551DCC36D100D4F5AB /* LaunchScreen.storyboard */ = {
			isa = PBXVariantGroup;
			children = (
				B4A1FB561DCC36D100D4F5AB /* Base */,
			);
			name = LaunchScreen.storyboard;
			sourceTree = "<group>";
		};
/* End PBXVariantGroup section */

/* Begin XCBuildConfiguration section */
		B4A1FB6F1DCC36D100D4F5AB /* Debug */ = {
			isa = XCBuildConfiguration;
			buildSettings = {
				ALWAYS_SEARCH_USER_PATHS = NO;
				CLANG_ANALYZER_NONNULL = YES;
				CLANG_CXX_LANGUAGE_STANDARD = "gnu++0x";
				CLANG_CXX_LIBRARY = "libc++";
				CLANG_ENABLE_MODULES = YES;
				CLANG_ENABLE_OBJC_ARC = YES;
				CLANG_WARN_BOOL_CONVERSION = YES;
				CLANG_WARN_CONSTANT_CONVERSION = YES;
				CLANG_WARN_DIRECT_OBJC_ISA_USAGE = YES_ERROR;
				CLANG_WARN_DOCUMENTATION_COMMENTS = YES;
				CLANG_WARN_EMPTY_BODY = YES;
				CLANG_WARN_ENUM_CONVERSION = YES;
				CLANG_WARN_INFINITE_RECURSION = YES;
				CLANG_WARN_INT_CONVERSION = YES;
				CLANG_WARN_OBJC_ROOT_CLASS = YES_ERROR;
				CLANG_WARN_SUSPICIOUS_MOVES = YES;
				CLANG_WARN_UNREACHABLE_CODE = YES;
				CLANG_WARN__DUPLICATE_METHOD_MATCH = YES;
				"CODE_SIGN_IDENTITY[sdk=iphoneos*]" = "iPhone Developer";
				COPY_PHASE_STRIP = NO;
				DEBUG_INFORMATION_FORMAT = dwarf;
				ENABLE_STRICT_OBJC_MSGSEND = YES;
				ENABLE_TESTABILITY = YES;
				GCC_C_LANGUAGE_STANDARD = gnu99;
				GCC_DYNAMIC_NO_PIC = NO;
				GCC_NO_COMMON_BLOCKS = YES;
				GCC_OPTIMIZATION_LEVEL = 0;
				GCC_PREPROCESSOR_DEFINITIONS = (
					"DEBUG=1",
					"$(inherited)",
				);
				GCC_WARN_64_TO_32_BIT_CONVERSION = YES;
				GCC_WARN_ABOUT_RETURN_TYPE = YES_ERROR;
				GCC_WARN_UNDECLARED_SELECTOR = YES;
				GCC_WARN_UNINITIALIZED_AUTOS = YES_AGGRESSIVE;
				GCC_WARN_UNUSED_FUNCTION = YES;
				GCC_WARN_UNUSED_VARIABLE = YES;
				IPHONEOS_DEPLOYMENT_TARGET = 10.1;
				MTL_ENABLE_DEBUG_INFO = YES;
				ONLY_ACTIVE_ARCH = YES;
				SDKROOT = iphoneos;
				SWIFT_ACTIVE_COMPILATION_CONDITIONS = DEBUG;
				SWIFT_OPTIMIZATION_LEVEL = "-Onone";
				TARGETED_DEVICE_FAMILY = "1,2";
			};
			name = Debug;
		};
		B4A1FB701DCC36D100D4F5AB /* Release */ = {
			isa = XCBuildConfiguration;
			buildSettings = {
				ALWAYS_SEARCH_USER_PATHS = NO;
				CLANG_ANALYZER_NONNULL = YES;
				CLANG_CXX_LANGUAGE_STANDARD = "gnu++0x";
				CLANG_CXX_LIBRARY = "libc++";
				CLANG_ENABLE_MODULES = YES;
				CLANG_ENABLE_OBJC_ARC = YES;
				CLANG_WARN_BOOL_CONVERSION = YES;
				CLANG_WARN_CONSTANT_CONVERSION = YES;
				CLANG_WARN_DIRECT_OBJC_ISA_USAGE = YES_ERROR;
				CLANG_WARN_DOCUMENTATION_COMMENTS = YES;
				CLANG_WARN_EMPTY_BODY = YES;
				CLANG_WARN_ENUM_CONVERSION = YES;
				CLANG_WARN_INFINITE_RECURSION = YES;
				CLANG_WARN_INT_CONVERSION = YES;
				CLANG_WARN_OBJC_ROOT_CLASS = YES_ERROR;
				CLANG_WARN_SUSPICIOUS_MOVES = YES;
				CLANG_WARN_UNREACHABLE_CODE = YES;
				CLANG_WARN__DUPLICATE_METHOD_MATCH = YES;
				"CODE_SIGN_IDENTITY[sdk=iphoneos*]" = "iPhone Developer";
				COPY_PHASE_STRIP = NO;
				DEBUG_INFORMATION_FORMAT = "dwarf-with-dsym";
				ENABLE_NS_ASSERTIONS = NO;
				ENABLE_STRICT_OBJC_MSGSEND = YES;
				GCC_C_LANGUAGE_STANDARD = gnu99;
				GCC_NO_COMMON_BLOCKS = YES;
				GCC_WARN_64_TO_32_BIT_CONVERSION = YES;
				GCC_WARN_ABOUT_RETURN_TYPE = YES_ERROR;
				GCC_WARN_UNDECLARED_SELECTOR = YES;
				GCC_WARN_UNINITIALIZED_AUTOS = YES_AGGRESSIVE;
				GCC_WARN_UNUSED_FUNCTION = YES;
				GCC_WARN_UNUSED_VARIABLE = YES;
				IPHONEOS_DEPLOYMENT_TARGET = 10.1;
				MTL_ENABLE_DEBUG_INFO = NO;
				SDKROOT = iphoneos;
				SWIFT_OPTIMIZATION_LEVEL = "-Owholemodule";
				TARGETED_DEVICE_FAMILY = "1,2";
				VALIDATE_PRODUCT = YES;
			};
			name = Release;
		};
		B4A1FB721DCC36D100D4F5AB /* Debug */ = {
			isa = XCBuildConfiguration;
			buildSettings = {
				ASSETCATALOG_COMPILER_APPICON_NAME = AppIcon;
				DEVELOPMENT_TEAM = 2Q4LJ2ECCS;
				INFOPLIST_FILE = "扇形/Info.plist";
				LD_RUNPATH_SEARCH_PATHS = "$(inherited) @executable_path/Frameworks";
				PRODUCT_BUNDLE_IDENTIFIER = "com.test.--";
				PRODUCT_NAME = "$(TARGET_NAME)";
				SWIFT_VERSION = 3.0;
			};
			name = Debug;
		};
		B4A1FB731DCC36D100D4F5AB /* Release */ = {
			isa = XCBuildConfiguration;
			buildSettings = {
				ASSETCATALOG_COMPILER_APPICON_NAME = AppIcon;
				DEVELOPMENT_TEAM = 2Q4LJ2ECCS;
				INFOPLIST_FILE = "扇形/Info.plist";
				LD_RUNPATH_SEARCH_PATHS = "$(inherited) @executable_path/Frameworks";
				PRODUCT_BUNDLE_IDENTIFIER = "com.test.--";
				PRODUCT_NAME = "$(TARGET_NAME)";
				SWIFT_VERSION = 3.0;
			};
			name = Release;
		};
		B4A1FB751DCC36D100D4F5AB /* Debug */ = {
			isa = XCBuildConfiguration;
			buildSettings = {
				ALWAYS_EMBED_SWIFT_STANDARD_LIBRARIES = YES;
				BUNDLE_LOADER = "$(TEST_HOST)";
				DEVELOPMENT_TEAM = 2Q4LJ2ECCS;
				INFOPLIST_FILE = "扇形Tests/Info.plist";
				LD_RUNPATH_SEARCH_PATHS = "$(inherited) @executable_path/Frameworks @loader_path/Frameworks";
				PRODUCT_BUNDLE_IDENTIFIER = "com.test.--Tests";
				PRODUCT_NAME = "$(TARGET_NAME)";
				SWIFT_VERSION = 3.0;
				TEST_HOST = "$(BUILT_PRODUCTS_DIR)/扇形.app/扇形";
			};
			name = Debug;
		};
		B4A1FB761DCC36D100D4F5AB /* Release */ = {
			isa = XCBuildConfiguration;
			buildSettings = {
				ALWAYS_EMBED_SWIFT_STANDARD_LIBRARIES = YES;
				BUNDLE_LOADER = "$(TEST_HOST)";
				DEVELOPMENT_TEAM = 2Q4LJ2ECCS;
				INFOPLIST_FILE = "扇形Tests/Info.plist";
				LD_RUNPATH_SEARCH_PATHS = "$(inherited) @executable_path/Frameworks @loader_path/Frameworks";
				PRODUCT_BUNDLE_IDENTIFIER = "com.test.--Tests";
				PRODUCT_NAME = "$(TARGET_NAME)";
				SWIFT_VERSION = 3.0;
				TEST_HOST = "$(BUILT_PRODUCTS_DIR)/扇形.app/扇形";
			};
			name = Release;
		};
		B4A1FB781DCC36D100D4F5AB /* Debug */ = {
			isa = XCBuildConfiguration;
			buildSettings = {
				ALWAYS_EMBED_SWIFT_STANDARD_LIBRARIES = YES;
				DEVELOPMENT_TEAM = 2Q4LJ2ECCS;
				INFOPLIST_FILE = "扇形UITests/Info.plist";
				LD_RUNPATH_SEARCH_PATHS = "$(inherited) @executable_path/Frameworks @loader_path/Frameworks";
				PRODUCT_BUNDLE_IDENTIFIER = "com.test.--UITests";
				PRODUCT_NAME = "$(TARGET_NAME)";
				SWIFT_VERSION = 3.0;
				TEST_TARGET_NAME = "扇形";
			};
			name = Debug;
		};
		B4A1FB791DCC36D100D4F5AB /* Release */ = {
			isa = XCBuildConfiguration;
			buildSettings = {
				ALWAYS_EMBED_SWIFT_STANDARD_LIBRARIES = YES;
				DEVELOPMENT_TEAM = 2Q4LJ2ECCS;
				INFOPLIST_FILE = "扇形UITests/Info.plist";
				LD_RUNPATH_SEARCH_PATHS = "$(inherited) @executable_path/Frameworks @loader_path/Frameworks";
				PRODUCT_BUNDLE_IDENTIFIER = "com.test.--UITests";
				PRODUCT_NAME = "$(TARGET_NAME)";
				SWIFT_VERSION = 3.0;
				TEST_TARGET_NAME = "扇形";
			};
			name = Release;
		};
/* End XCBuildConfiguration section */

/* Begin XCConfigurationList section */
		B4A1FB441DCC36D100D4F5AB /* Build configuration list for PBXProject "扇形" */ = {
			isa = XCConfigurationList;
			buildConfigurations = (
				B4A1FB6F1DCC36D100D4F5AB /* Debug */,
				B4A1FB701DCC36D100D4F5AB /* Release */,
			);
			defaultConfigurationIsVisible = 0;
			defaultConfigurationName = Release;
		};
		B4A1FB711DCC36D100D4F5AB /* Build configuration list for PBXNativeTarget "扇形" */ = {
			isa = XCConfigurationList;
			buildConfigurations = (
				B4A1FB721DCC36D100D4F5AB /* Debug */,
				B4A1FB731DCC36D100D4F5AB /* Release */,
			);
			defaultConfigurationIsVisible = 0;
		};
		B4A1FB741DCC36D100D4F5AB /* Build configuration list for PBXNativeTarget "扇形Tests" */ = {
			isa = XCConfigurationList;
			buildConfigurations = (
				B4A1FB751DCC36D100D4F5AB /* Debug */,
				B4A1FB761DCC36D100D4F5AB /* Release */,
			);
			defaultConfigurationIsVisible = 0;
		};
		B4A1FB771DCC36D100D4F5AB /* Build configuration list for PBXNativeTarget "扇形UITests" */ = {
			isa = XCConfigurationList;
			buildConfigurations = (
				B4A1FB781DCC36D100D4F5AB /* Debug */,
				B4A1FB791DCC36D100D4F5AB /* Release */,
			);
			defaultConfigurationIsVisible = 0;
		};
/* End XCConfigurationList section */
	};
	rootObject = B4A1FB411DCC36D100D4F5AB /* Project object */;
}
